
Microsoft Visual Studio Solution File, Format Version 12.00
# Visual Studio Version 16
VisualStudioVersion = 16.0.30523.141
MinimumVisualStudioVersion = 10.0.40219.1
Project("{FAE04EC0-301F-11D3-BF4B-00C04F79EFBC}") = "SoporteBot", "SoporteBot\SoporteBot.csproj", "{C6B30D53-7B2E-40AF-9971-DF3BBB23AABA}"
EndProject
Global
	GlobalSection(SolutionConfigurationPlatforms) = preSolution
		Debug|Any CPU = Debug|Any CPU
		Release|Any CPU = Release|Any CPU
	EndGlobalSection
	GlobalSection(ProjectConfigurationPlatforms) = postSolution
		{C6B30D53-7B2E-40AF-9971-DF3BBB23AABA}.Debug|Any CPU.ActiveCfg = Debug|Any CPU
		{C6B30D53-7B2E-40AF-9971-DF3BBB23AABA}.Debug|Any CPU.Build.0 = Debug|Any CPU
		{C6B30D53-7B2E-40AF-9971-DF3BBB23AABA}.Release|Any CPU.ActiveCfg = Release|Any CPU
		{C6B30D53-7B2E-40AF-9971-DF3BBB23AABA}.Release|Any CPU.Build.0 = Release|Any CPU
	EndGlobalSection
	GlobalSection(SolutionProperties) = preSolution
		HideSolutionNode = FALSE
	EndGlobalSection
	GlobalSection(ExtensibilityGlobals) = postSolution
		SolutionGuid = {5F61185F-8D24-4771-A9AA-50DC20AA7F80}
	EndGlobalSection
EndGlobal
